
Microsoft Visual Studio Solution File, Format Version 12.00
# Visual Studio Version 17
VisualStudioVersion = 17.8.34330.188
MinimumVisualStudioVersion = 10.0.40219.1
Project("{FAE04EC0-301F-11D3-BF4B-00C04F79EFBC}") = "YANUSConnector_2023", "YANUSConnector_2023.csproj", "{6D600EDE-3D26-414E-9D9C-2F5549B58AF3}"
EndProject
Project("{FAE04EC0-301F-11D3-BF4B-00C04F79EFBC}") = "YANUSConnector_2024", "YANUSConnector_2024.csproj", "{F71FBF85-417D-4497-BEE5-2F1028F10403}"
EndProject
Project("{FAE04EC0-301F-11D3-BF4B-00C04F79EFBC}") = "YANUSConnector_2022", "YANUSConnector_2022.csproj", "{044932A1-3369-4691-A181-2ACB8BD21332}"
EndProject
Project("{FAE04EC0-301F-11D3-BF4B-00C04F79EFBC}") = "YANUSConnector_2021", "YANUSConnector_2021.csproj", "{041940B3-8A8F-4D3D-B27E-068D38CB409F}"
EndProject
Global
	GlobalSection(SolutionConfigurationPlatforms) = preSolution
		Debug|Any CPU = Debug|Any CPU
		Release|Any CPU = Release|Any CPU
	EndGlobalSection
	GlobalSection(ProjectConfigurationPlatforms) = postSolution
		{6D600EDE-3D26-414E-9D9C-2F5549B58AF3}.Debug|Any CPU.ActiveCfg = Debug|Any CPU
		{6D600EDE-3D26-414E-9D9C-2F5549B58AF3}.Debug|Any CPU.Build.0 = Debug|Any CPU
		{6D600EDE-3D26-414E-9D9C-2F5549B58AF3}.Release|Any CPU.ActiveCfg = Release|Any CPU
		{6D600EDE-3D26-414E-9D9C-2F5549B58AF3}.Release|Any CPU.Build.0 = Release|Any CPU
		{F71FBF85-417D-4497-BEE5-2F1028F10403}.Debug|Any CPU.ActiveCfg = Debug|Any CPU
		{F71FBF85-417D-4497-BEE5-2F1028F10403}.Debug|Any CPU.Build.0 = Debug|Any CPU
		{F71FBF85-417D-4497-BEE5-2F1028F10403}.Release|Any CPU.ActiveCfg = Release|Any CPU
		{F71FBF85-417D-4497-BEE5-2F1028F10403}.Release|Any CPU.Build.0 = Release|Any CPU
		{044932A1-3369-4691-A181-2ACB8BD21332}.Debug|Any CPU.ActiveCfg = Debug|Any CPU
		{044932A1-3369-4691-A181-2ACB8BD21332}.Debug|Any CPU.Build.0 = Debug|Any CPU
		{044932A1-3369-4691-A181-2ACB8BD21332}.Release|Any CPU.ActiveCfg = Release|Any CPU
		{044932A1-3369-4691-A181-2ACB8BD21332}.Release|Any CPU.Build.0 = Release|Any CPU
		{041940B3-8A8F-4D3D-B27E-068D38CB409F}.Debug|Any CPU.ActiveCfg = Debug|Any CPU
		{041940B3-8A8F-4D3D-B27E-068D38CB409F}.Debug|Any CPU.Build.0 = Debug|Any CPU
		{041940B3-8A8F-4D3D-B27E-068D38CB409F}.Release|Any CPU.ActiveCfg = Release|Any CPU
		{041940B3-8A8F-4D3D-B27E-068D38CB409F}.Release|Any CPU.Build.0 = Release|Any CPU
	EndGlobalSection
	GlobalSection(SolutionProperties) = preSolution
		HideSolutionNode = FALSE
	EndGlobalSection
	GlobalSection(ExtensibilityGlobals) = postSolution
		SolutionGuid = {6461DBB2-7A5A-4E54-AD66-A7B2A6A5995F}
	EndGlobalSection
EndGlobal
